
Microsoft Visual Studio Solution File, Format Version 12.00
# Visual Studio Version 16
VisualStudioVersion = 16.0.29411.108
MinimumVisualStudioVersion = 10.0.40219.1
Project("{FAE04EC0-301F-11D3-BF4B-00C04F79EFBC}") = "Testing_void_Method3_5", "Testing_void_Method3_5\Testing_void_Method3_5.csproj", "{5956A1CB-9F78-4018-A702-9ECB74C8E5E2}"
EndProject
Project("{FAE04EC0-301F-11D3-BF4B-00C04F79EFBC}") = "ErrorLoggerUnitTest3_5", "ErrorLoggerUnitTest3_5\ErrorLoggerUnitTest3_5.csproj", "{D5F19D88-2AB0-4C24-8F0D-07BCDE5BBE26}"
EndProject
Global
	GlobalSection(SolutionConfigurationPlatforms) = preSolution
		Debug|Any CPU = Debug|Any CPU
		Release|Any CPU = Release|Any CPU
	EndGlobalSection
	GlobalSection(ProjectConfigurationPlatforms) = postSolution
		{5956A1CB-9F78-4018-A702-9ECB74C8E5E2}.Debug|Any CPU.ActiveCfg = Debug|Any CPU
		{5956A1CB-9F78-4018-A702-9ECB74C8E5E2}.Debug|Any CPU.Build.0 = Debug|Any CPU
		{5956A1CB-9F78-4018-A702-9ECB74C8E5E2}.Release|Any CPU.ActiveCfg = Release|Any CPU
		{5956A1CB-9F78-4018-A702-9ECB74C8E5E2}.Release|Any CPU.Build.0 = Release|Any CPU
		{D5F19D88-2AB0-4C24-8F0D-07BCDE5BBE26}.Debug|Any CPU.ActiveCfg = Debug|Any CPU
		{D5F19D88-2AB0-4C24-8F0D-07BCDE5BBE26}.Debug|Any CPU.Build.0 = Debug|Any CPU
		{D5F19D88-2AB0-4C24-8F0D-07BCDE5BBE26}.Release|Any CPU.ActiveCfg = Release|Any CPU
		{D5F19D88-2AB0-4C24-8F0D-07BCDE5BBE26}.Release|Any CPU.Build.0 = Release|Any CPU
	EndGlobalSection
	GlobalSection(SolutionProperties) = preSolution
		HideSolutionNode = FALSE
	EndGlobalSection
	GlobalSection(ExtensibilityGlobals) = postSolution
		SolutionGuid = {8770F0D3-95EA-42C9-B2FE-E6DC025CC570}
	EndGlobalSection
EndGlobal
